// !$*UTF8*$!
{
	archiveVersion = 1;
	classes = {
	};
	objectVersion = 55;
	objects = {

/* Begin PBXBuildFile section */
		07BB93BA284E9EBD00D2859A /* AppDelegate.swift in Sources */ = {isa = PBXBuildFile; fileRef = 07BB93B9284E9EBD00D2859A /* AppDelegate.swift */; };
		07BB93BC284E9EBD00D2859A /* SceneDelegate.swift in Sources */ = {isa = PBXBuildFile; fileRef = 07BB93BB284E9EBD00D2859A /* SceneDelegate.swift */; };
		07BB93BE284E9EBD00D2859A /* ViewController.swift in Sources */ = {isa = PBXBuildFile; fileRef = 07BB93BD284E9EBD00D2859A /* ViewController.swift */; };
		07BB93C1284E9EBD00D2859A /* Main.storyboard in Resources */ = {isa = PBXBuildFile; fileRef = 07BB93BF284E9EBD00D2859A /* Main.storyboard */; };
		07BB93C3284E9EBF00D2859A /* Assets.xcassets in Resources */ = {isa = PBXBuildFile; fileRef = 07BB93C2284E9EBF00D2859A /* Assets.xcassets */; };
		07BB93C6284E9EBF00D2859A /* LaunchScreen.storyboard in Resources */ = {isa = PBXBuildFile; fileRef = 07BB93C4284E9EBF00D2859A /* LaunchScreen.storyboard */; };
		07BB93D1284E9EBF00D2859A /* ThirdScketchTests.swift in Sources */ = {isa = PBXBuildFile; fileRef = 07BB93D0284E9EBF00D2859A /* ThirdScketchTests.swift */; };
		07BB93DB284E9EBF00D2859A /* ThirdScketchUITests.swift in Sources */ = {isa = PBXBuildFile; fileRef = 07BB93DA284E9EBF00D2859A /* ThirdScketchUITests.swift */; };
		07BB93DD284E9EBF00D2859A /* ThirdScketchUITestsLaunchTests.swift in Sources */ = {isa = PBXBuildFile; fileRef = 07BB93DC284E9EBF00D2859A /* ThirdScketchUITestsLaunchTests.swift */; };
/* End PBXBuildFile section */

/* Begin PBXContainerItemProxy section */
		07BB93CD284E9EBF00D2859A /* PBXContainerItemProxy */ = {
			isa = PBXContainerItemProxy;
			containerPortal = 07BB93AE284E9EBD00D2859A /* Project object */;
			proxyType = 1;
			remoteGlobalIDString = 07BB93B5284E9EBD00D2859A;
			remoteInfo = ThirdScketch;
		};
		07BB93D7284E9EBF00D2859A /* PBXContainerItemProxy */ = {
			isa = PBXContainerItemProxy;
			containerPortal = 07BB93AE284E9EBD00D2859A /* Project object */;
			proxyType = 1;
			remoteGlobalIDString = 07BB93B5284E9EBD00D2859A;
			remoteInfo = ThirdScketch;
		};
/* End PBXContainerItemProxy section */

/* Begin PBXFileReference section */
		07BB93B6284E9EBD00D2859A /* ThirdScketch.app */ = {isa = PBXFileReference; explicitFileType = wrapper.application; includeInIndex = 0; path = ThirdScketch.app; sourceTree = BUILT_PRODUCTS_DIR; };
		07BB93B9284E9EBD00D2859A /* AppDelegate.swift */ = {isa = PBXFileReference; lastKnownFileType = sourcecode.swift; path = AppDelegate.swift; sourceTree = "<group>"; };
		07BB93BB284E9EBD00D2859A /* SceneDelegate.swift */ = {isa = PBXFileReference; lastKnownFileType = sourcecode.swift; path = SceneDelegate.swift; sourceTree = "<group>"; };
		07BB93BD284E9EBD00D2859A /* ViewController.swift */ = {isa = PBXFileReference; lastKnownFileType = sourcecode.swift; path = ViewController.swift; sourceTree = "<group>"; };
		07BB93C0284E9EBD00D2859A /* Base */ = {isa = PBXFileReference; lastKnownFileType = file.storyboard; name = Base; path = Base.lproj/Main.storyboard; sourceTree = "<group>"; };
		07BB93C2284E9EBF00D2859A /* Assets.xcassets */ = {isa = PBXFileReference; lastKnownFileType = folder.assetcatalog; path = Assets.xcassets; sourceTree = "<group>"; };
		07BB93C5284E9EBF00D2859A /* Base */ = {isa = PBXFileReference; lastKnownFileType = file.storyboard; name = Base; path = Base.lproj/LaunchScreen.storyboard; sourceTree = "<group>"; };
		07BB93C7284E9EBF00D2859A /* Info.plist */ = {isa = PBXFileReference; lastKnownFileType = text.plist.xml; path = Info.plist; sourceTree = "<group>"; };
		07BB93CC284E9EBF00D2859A /* ThirdScketchTests.xctest */ = {isa = PBXFileReference; explicitFileType = wrapper.cfbundle; includeInIndex = 0; path = ThirdScketchTests.xctest; sourceTree = BUILT_PRODUCTS_DIR; };
		07BB93D0284E9EBF00D2859A /* ThirdScketchTests.swift */ = {isa = PBXFileReference; lastKnownFileType = sourcecode.swift; path = ThirdScketchTests.swift; sourceTree = "<group>"; };
		07BB93D6284E9EBF00D2859A /* ThirdScketchUITests.xctest */ = {isa = PBXFileReference; explicitFileType = wrapper.cfbundle; includeInIndex = 0; path = ThirdScketchUITests.xctest; sourceTree = BUILT_PRODUCTS_DIR; };
		07BB93DA284E9EBF00D2859A /* ThirdScketchUITests.swift */ = {isa = PBXFileReference; lastKnownFileType = sourcecode.swift; path = ThirdScketchUITests.swift; sourceTree = "<group>"; };
		07BB93DC284E9EBF00D2859A /* ThirdScketchUITestsLaunchTests.swift */ = {isa = PBXFileReference; lastKnownFileType = sourcecode.swift; path = ThirdScketchUITestsLaunchTests.swift; sourceTree = "<group>"; };
/* End PBXFileReference section */

/* Begin PBXFrameworksBuildPhase section */
		07BB93B3284E9EBD00D2859A /* Frameworks */ = {
			isa = PBXFrameworksBuildPhase;
			buildActionMask = 2147483647;
			files = (
			);
			runOnlyForDeploymentPostprocessing = 0;
		};
		07BB93C9284E9EBF00D2859A /* Frameworks */ = {
			isa = PBXFrameworksBuildPhase;
			buildActionMask = 2147483647;
			files = (
			);
			runOnlyForDeploymentPostprocessing = 0;
		};
		07BB93D3284E9EBF00D2859A /* Frameworks */ = {
			isa = PBXFrameworksBuildPhase;
			buildActionMask = 2147483647;
			files = (
			);
			runOnlyForDeploymentPostprocessing = 0;
		};
/* End PBXFrameworksBuildPhase section */

/* Begin PBXGroup section */
		07BB93AD284E9EBD00D2859A = {
			isa = PBXGroup;
			children = (
				07BB93B8284E9EBD00D2859A /* ThirdScketch */,
				07BB93CF284E9EBF00D2859A /* ThirdScketchTests */,
				07BB93D9284E9EBF00D2859A /* ThirdScketchUITests */,
				07BB93B7284E9EBD00D2859A /* Products */,
			);
			sourceTree = "<group>";
		};
		07BB93B7284E9EBD00D2859A /* Products */ = {
			isa = PBXGroup;
			children = (
				07BB93B6284E9EBD00D2859A /* ThirdScketch.app */,
				07BB93CC284E9EBF00D2859A /* ThirdScketchTests.xctest */,
				07BB93D6284E9EBF00D2859A /* ThirdScketchUITests.xctest */,
			);
			name = Products;
			sourceTree = "<group>";
		};
		07BB93B8284E9EBD00D2859A /* ThirdScketch */ = {
			isa = PBXGroup;
			children = (
				07BB93B9284E9EBD00D2859A /* AppDelegate.swift */,
				07BB93BB284E9EBD00D2859A /* SceneDelegate.swift */,
				07BB93BD284E9EBD00D2859A /* ViewController.swift */,
				07BB93BF284E9EBD00D2859A /* Main.storyboard */,
				07BB93C2284E9EBF00D2859A /* Assets.xcassets */,
				07BB93C4284E9EBF00D2859A /* LaunchScreen.storyboard */,
				07BB93C7284E9EBF00D2859A /* Info.plist */,
			);
			path = ThirdScketch;
			sourceTree = "<group>";
		};
		07BB93CF284E9EBF00D2859A /* ThirdScketchTests */ = {
			isa = PBXGroup;
			children = (
				07BB93D0284E9EBF00D2859A /* ThirdScketchTests.swift */,
			);
			path = ThirdScketchTests;
			sourceTree = "<group>";
		};
		07BB93D9284E9EBF00D2859A /* ThirdScketchUITests */ = {
			isa = PBXGroup;
			children = (
				07BB93DA284E9EBF00D2859A /* ThirdScketchUITests.swift */,
				07BB93DC284E9EBF00D2859A /* ThirdScketchUITestsLaunchTests.swift */,
			);
			path = ThirdScketchUITests;
			sourceTree = "<group>";
		};
/* End PBXGroup section */

/* Begin PBXNativeTarget section */
		07BB93B5284E9EBD00D2859A /* ThirdScketch */ = {
			isa = PBXNativeTarget;
			buildConfigurationList = 07BB93E0284E9EBF00D2859A /* Build configuration list for PBXNativeTarget "ThirdScketch" */;
			buildPhases = (
				07BB93B2284E9EBD00D2859A /* Sources */,
				07BB93B3284E9EBD00D2859A /* Frameworks */,
				07BB93B4284E9EBD00D2859A /* Resources */,
			);
			buildRules = (
			);
			dependencies = (
			);
			name = ThirdScketch;
			productName = ThirdScketch;
			productReference = 07BB93B6284E9EBD00D2859A /* ThirdScketch.app */;
			productType = "com.apple.product-type.application";
		};
		07BB93CB284E9EBF00D2859A /* ThirdScketchTests */ = {
			isa = PBXNativeTarget;
			buildConfigurationList = 07BB93E3284E9EBF00D2859A /* Build configuration list for PBXNativeTarget "ThirdScketchTests" */;
			buildPhases = (
				07BB93C8284E9EBF00D2859A /* Sources */,
				07BB93C9284E9EBF00D2859A /* Frameworks */,
				07BB93CA284E9EBF00D2859A /* Resources */,
			);
			buildRules = (
			);
			dependencies = (
				07BB93CE284E9EBF00D2859A /* PBXTargetDependency */,
			);
			name = ThirdScketchTests;
			productName = ThirdScketchTests;
			productReference = 07BB93CC284E9EBF00D2859A /* ThirdScketchTests.xctest */;
			productType = "com.apple.product-type.bundle.unit-test";
		};
		07BB93D5284E9EBF00D2859A /* ThirdScketchUITests */ = {
			isa = PBXNativeTarget;
			buildConfigurationList = 07BB93E6284E9EBF00D2859A /* Build configuration list for PBXNativeTarget "ThirdScketchUITests" */;
			buildPhases = (
				07BB93D2284E9EBF00D2859A /* Sources */,
				07BB93D3284E9EBF00D2859A /* Frameworks */,
				07BB93D4284E9EBF00D2859A /* Resources */,
			);
			buildRules = (
			);
			dependencies = (
				07BB93D8284E9EBF00D2859A /* PBXTargetDependency */,
			);
			name = ThirdScketchUITests;
			productName = ThirdScketchUITests;
			productReference = 07BB93D6284E9EBF00D2859A /* ThirdScketchUITests.xctest */;
			productType = "com.apple.product-type.bundle.ui-testing";
		};
/* End PBXNativeTarget section */

/* Begin PBXProject section */
		07BB93AE284E9EBD00D2859A /* Project object */ = {
			isa = PBXProject;
			attributes = {
				BuildIndependentTargetsInParallel = 1;
				LastSwiftUpdateCheck = 1340;
				LastUpgradeCheck = 1340;
				TargetAttributes = {
					07BB93B5284E9EBD00D2859A = {
						CreatedOnToolsVersion = 13.4;
					};
					07BB93CB284E9EBF00D2859A = {
						CreatedOnToolsVersion = 13.4;
						TestTargetID = 07BB93B5284E9EBD00D2859A;
					};
					07BB93D5284E9EBF00D2859A = {
						CreatedOnToolsVersion = 13.4;
						TestTargetID = 07BB93B5284E9EBD00D2859A;
					};
				};
			};
			buildConfigurationList = 07BB93B1284E9EBD00D2859A /* Build configuration list for PBXProject "ThirdScketch" */;
			compatibilityVersion = "Xcode 13.0";
			developmentRegion = en;
			hasScannedForEncodings = 0;
			knownRegions = (
				en,
				Base,
			);
			mainGroup = 07BB93AD284E9EBD00D2859A;
			productRefGroup = 07BB93B7284E9EBD00D2859A /* Products */;
			projectDirPath = "";
			projectRoot = "";
			targets = (
				07BB93B5284E9EBD00D2859A /* ThirdScketch */,
				07BB93CB284E9EBF00D2859A /* ThirdScketchTests */,
				07BB93D5284E9EBF00D2859A /* ThirdScketchUITests */,
			);
		};
/* End PBXProject section */

/* Begin PBXResourcesBuildPhase section */
		07BB93B4284E9EBD00D2859A /* Resources */ = {
			isa = PBXResourcesBuildPhase;
			buildActionMask = 2147483647;
			files = (
				07BB93C6284E9EBF00D2859A /* LaunchScreen.storyboard in Resources */,
				07BB93C3284E9EBF00D2859A /* Assets.xcassets in Resources */,
				07BB93C1284E9EBD00D2859A /* Main.storyboard in Resources */,
			);
			runOnlyForDeploymentPostprocessing = 0;
		};
		07BB93CA284E9EBF00D2859A /* Resources */ = {
			isa = PBXResourcesBuildPhase;
			buildActionMask = 2147483647;
			files = (
			);
			runOnlyForDeploymentPostprocessing = 0;
		};
		07BB93D4284E9EBF00D2859A /* Resources */ = {
			isa = PBXResourcesBuildPhase;
			buildActionMask = 2147483647;
			files = (
			);
			runOnlyForDeploymentPostprocessing = 0;
		};
/* End PBXResourcesBuildPhase section */

/* Begin PBXSourcesBuildPhase section */
		07BB93B2284E9EBD00D2859A /* Sources */ = {
			isa = PBXSourcesBuildPhase;
			buildActionMask = 2147483647;
			files = (
				07BB93BE284E9EBD00D2859A /* ViewController.swift in Sources */,
				07BB93BA284E9EBD00D2859A /* AppDelegate.swift in Sources */,
				07BB93BC284E9EBD00D2859A /* SceneDelegate.swift in Sources */,
			);
			runOnlyForDeploymentPostprocessing = 0;
		};
		07BB93C8284E9EBF00D2859A /* Sources */ = {
			isa = PBXSourcesBuildPhase;
			buildActionMask = 2147483647;
			files = (
				07BB93D1284E9EBF00D2859A /* ThirdScketchTests.swift in Sources */,
			);
			runOnlyForDeploymentPostprocessing = 0;
		};
		07BB93D2284E9EBF00D2859A /* Sources */ = {
			isa = PBXSourcesBuildPhase;
			buildActionMask = 2147483647;
			files = (
				07BB93DD284E9EBF00D2859A /* ThirdScketchUITestsLaunchTests.swift in Sources */,
				07BB93DB284E9EBF00D2859A /* ThirdScketchUITests.swift in Sources */,
			);
			runOnlyForDeploymentPostprocessing = 0;
		};
/* End PBXSourcesBuildPhase section */

/* Begin PBXTargetDependency section */
		07BB93CE284E9EBF00D2859A /* PBXTargetDependency */ = {
			isa = PBXTargetDependency;
			target = 07BB93B5284E9EBD00D2859A /* ThirdScketch */;
			targetProxy = 07BB93CD284E9EBF00D2859A /* PBXContainerItemProxy */;
		};
		07BB93D8284E9EBF00D2859A /* PBXTargetDependency */ = {
			isa = PBXTargetDependency;
			target = 07BB93B5284E9EBD00D2859A /* ThirdScketch */;
			targetProxy = 07BB93D7284E9EBF00D2859A /* PBXContainerItemProxy */;
		};
/* End PBXTargetDependency section */

/* Begin PBXVariantGroup section */
		07BB93BF284E9EBD00D2859A /* Main.storyboard */ = {
			isa = PBXVariantGroup;
			children = (
				07BB93C0284E9EBD00D2859A /* Base */,
			);
			name = Main.storyboard;
			sourceTree = "<group>";
		};
		07BB93C4284E9EBF00D2859A /* LaunchScreen.storyboard */ = {
			isa = PBXVariantGroup;
			children = (
				07BB93C5284E9EBF00D2859A /* Base */,
			);
			name = LaunchScreen.storyboard;
			sourceTree = "<group>";
		};
/* End PBXVariantGroup section */

/* Begin XCBuildConfiguration section */
		07BB93DE284E9EBF00D2859A /* Debug */ = {
			isa = XCBuildConfiguration;
			buildSettings = {
				ALWAYS_SEARCH_USER_PATHS = NO;
				CLANG_ANALYZER_NONNULL = YES;
				CLANG_ANALYZER_NUMBER_OBJECT_CONVERSION = YES_AGGRESSIVE;
				CLANG_CXX_LANGUAGE_STANDARD = "gnu++17";
				CLANG_ENABLE_MODULES = YES;
				CLANG_ENABLE_OBJC_ARC = YES;
				CLANG_ENABLE_OBJC_WEAK = YES;
				CLANG_WARN_BLOCK_CAPTURE_AUTORELEASING = YES;
				CLANG_WARN_BOOL_CONVERSION = YES;
				CLANG_WARN_COMMA = YES;
				CLANG_WARN_CONSTANT_CONVERSION = YES;
				CLANG_WARN_DEPRECATED_OBJC_IMPLEMENTATIONS = YES;
				CLANG_WARN_DIRECT_OBJC_ISA_USAGE = YES_ERROR;
				CLANG_WARN_DOCUMENTATION_COMMENTS = YES;
				CLANG_WARN_EMPTY_BODY = YES;
				CLANG_WARN_ENUM_CONVERSION = YES;
				CLANG_WARN_INFINITE_RECURSION = YES;
				CLANG_WARN_INT_CONVERSION = YES;
				CLANG_WARN_NON_LITERAL_NULL_CONVERSION = YES;
				CLANG_WARN_OBJC_IMPLICIT_RETAIN_SELF = YES;
				CLANG_WARN_OBJC_LITERAL_CONVERSION = YES;
				CLANG_WARN_OBJC_ROOT_CLASS = YES_ERROR;
				CLANG_WARN_QUOTED_INCLUDE_IN_FRAMEWORK_HEADER = YES;
				CLANG_WARN_RANGE_LOOP_ANALYSIS = YES;
				CLANG_WARN_STRICT_PROTOTYPES = YES;
				CLANG_WARN_SUSPICIOUS_MOVE = YES;
				CLANG_WARN_UNGUARDED_AVAILABILITY = YES_AGGRESSIVE;
				CLANG_WARN_UNREACHABLE_CODE = YES;
				CLANG_WARN__DUPLICATE_METHOD_MATCH = YES;
				COPY_PHASE_STRIP = NO;
				DEBUG_INFORMATION_FORMAT = dwarf;
				ENABLE_STRICT_OBJC_MSGSEND = YES;
				ENABLE_TESTABILITY = YES;
				GCC_C_LANGUAGE_STANDARD = gnu11;
				GCC_DYNAMIC_NO_PIC = NO;
				GCC_NO_COMMON_BLOCKS = YES;
				GCC_OPTIMIZATION_LEVEL = 0;
				GCC_PREPROCESSOR_DEFINITIONS = (
					"DEBUG=1",
					"$(inherited)",
				);
				GCC_WARN_64_TO_32_BIT_CONVERSION = YES;
				GCC_WARN_ABOUT_RETURN_TYPE = YES_ERROR;
				GCC_WARN_UNDECLARED_SELECTOR = YES;
				GCC_WARN_UNINITIALIZED_AUTOS = YES_AGGRESSIVE;
				GCC_WARN_UNUSED_FUNCTION = YES;
				GCC_WARN_UNUSED_VARIABLE = YES;
				IPHONEOS_DEPLOYMENT_TARGET = 15.5;
				MTL_ENABLE_DEBUG_INFO = INCLUDE_SOURCE;
				MTL_FAST_MATH = YES;
				ONLY_ACTIVE_ARCH = YES;
				SDKROOT = iphoneos;
				SWIFT_ACTIVE_COMPILATION_CONDITIONS = DEBUG;
				SWIFT_OPTIMIZATION_LEVEL = "-Onone";
			};
			name = Debug;
		};
		07BB93DF284E9EBF00D2859A /* Release */ = {
			isa = XCBuildConfiguration;
			buildSettings = {
				ALWAYS_SEARCH_USER_PATHS = NO;
				CLANG_ANALYZER_NONNULL = YES;
				CLANG_ANALYZER_NUMBER_OBJECT_CONVERSION = YES_AGGRESSIVE;
				CLANG_CXX_LANGUAGE_STANDARD = "gnu++17";
				CLANG_ENABLE_MODULES = YES;
				CLANG_ENABLE_OBJC_ARC = YES;
				CLANG_ENABLE_OBJC_WEAK = YES;
				CLANG_WARN_BLOCK_CAPTURE_AUTORELEASING = YES;
				CLANG_WARN_BOOL_CONVERSION = YES;
				CLANG_WARN_COMMA = YES;
				CLANG_WARN_CONSTANT_CONVERSION = YES;
				CLANG_WARN_DEPRECATED_OBJC_IMPLEMENTATIONS = YES;
				CLANG_WARN_DIRECT_OBJC_ISA_USAGE = YES_ERROR;
				CLANG_WARN_DOCUMENTATION_COMMENTS = YES;
				CLANG_WARN_EMPTY_BODY = YES;
				CLANG_WARN_ENUM_CONVERSION = YES;
				CLANG_WARN_INFINITE_RECURSION = YES;
				CLANG_WARN_INT_CONVERSION = YES;
				CLANG_WARN_NON_LITERAL_NULL_CONVERSION = YES;
				CLANG_WARN_OBJC_IMPLICIT_RETAIN_SELF = YES;
				CLANG_WARN_OBJC_LITERAL_CONVERSION = YES;
				CLANG_WARN_OBJC_ROOT_CLASS = YES_ERROR;
				CLANG_WARN_QUOTED_INCLUDE_IN_FRAMEWORK_HEADER = YES;
				CLANG_WARN_RANGE_LOOP_ANALYSIS = YES;
				CLANG_WARN_STRICT_PROTOTYPES = YES;
				CLANG_WARN_SUSPICIOUS_MOVE = YES;
				CLANG_WARN_UNGUARDED_AVAILABILITY = YES_AGGRESSIVE;
				CLANG_WARN_UNREACHABLE_CODE = YES;
				CLANG_WARN__DUPLICATE_METHOD_MATCH = YES;
				COPY_PHASE_STRIP = NO;
				DEBUG_INFORMATION_FORMAT = "dwarf-with-dsym";
				ENABLE_NS_ASSERTIONS = NO;
				ENABLE_STRICT_OBJC_MSGSEND = YES;
				GCC_C_LANGUAGE_STANDARD = gnu11;
				GCC_NO_COMMON_BLOCKS = YES;
				GCC_WARN_64_TO_32_BIT_CONVERSION = YES;
				GCC_WARN_ABOUT_RETURN_TYPE = YES_ERROR;
				GCC_WARN_UNDECLARED_SELECTOR = YES;
				GCC_WARN_UNINITIALIZED_AUTOS = YES_AGGRESSIVE;
				GCC_WARN_UNUSED_FUNCTION = YES;
				GCC_WARN_UNUSED_VARIABLE = YES;
				IPHONEOS_DEPLOYMENT_TARGET = 15.5;
				MTL_ENABLE_DEBUG_INFO = NO;
				MTL_FAST_MATH = YES;
				SDKROOT = iphoneos;
				SWIFT_COMPILATION_MODE = wholemodule;
				SWIFT_OPTIMIZATION_LEVEL = "-O";
				VALIDATE_PRODUCT = YES;
			};
			name = Release;
		};
		07BB93E1284E9EBF00D2859A /* Debug */ = {
			isa = XCBuildConfiguration;
			buildSettings = {
				ASSETCATALOG_COMPILER_APPICON_NAME = AppIcon;
				ASSETCATALOG_COMPILER_GLOBAL_ACCENT_COLOR_NAME = AccentColor;
				CODE_SIGN_STYLE = Automatic;
				CURRENT_PROJECT_VERSION = 1;
				DEVELOPMENT_TEAM = ASULA5H36M;
				GENERATE_INFOPLIST_FILE = YES;
				INFOPLIST_FILE = ThirdScketch/Info.plist;
				INFOPLIST_KEY_UIApplicationSupportsIndirectInputEvents = YES;
				INFOPLIST_KEY_UILaunchStoryboardName = LaunchScreen;
				INFOPLIST_KEY_UIMainStoryboardFile = Main;
				INFOPLIST_KEY_UISupportedInterfaceOrientations_iPad = "UIInterfaceOrientationPortrait UIInterfaceOrientationPortraitUpsideDown UIInterfaceOrientationLandscapeLeft UIInterfaceOrientationLandscapeRight";
				INFOPLIST_KEY_UISupportedInterfaceOrientations_iPhone = "UIInterfaceOrientationPortrait UIInterfaceOrientationLandscapeLeft UIInterfaceOrientationLandscapeRight";
				LD_RUNPATH_SEARCH_PATHS = (
					"$(inherited)",
					"@executable_path/Frameworks",
				);
				MARKETING_VERSION = 1.0;
				PRODUCT_BUNDLE_IDENTIFIER = Vladislavscompany.ThirdScketch;
				PRODUCT_NAME = "$(TARGET_NAME)";
				SWIFT_EMIT_LOC_STRINGS = YES;
				SWIFT_VERSION = 5.0;
				TARGETED_DEVICE_FAMILY = "1,2";
			};
			name = Debug;
		};
		07BB93E2284E9EBF00D2859A /* Release */ = {
			isa = XCBuildConfiguration;
			buildSettings = {
				ASSETCATALOG_COMPILER_APPICON_NAME = AppIcon;
				ASSETCATALOG_COMPILER_GLOBAL_ACCENT_COLOR_NAME = AccentColor;
				CODE_SIGN_STYLE = Automatic;
				CURRENT_PROJECT_VERSION = 1;
				DEVELOPMENT_TEAM = ASULA5H36M;
				GENERATE_INFOPLIST_FILE = YES;
				INFOPLIST_FILE = ThirdScketch/Info.plist;
				INFOPLIST_KEY_UIApplicationSupportsIndirectInputEvents = YES;
				INFOPLIST_KEY_UILaunchStoryboardName = LaunchScreen;
				INFOPLIST_KEY_UIMainStoryboardFile = Main;
				INFOPLIST_KEY_UISupportedInterfaceOrientations_iPad = "UIInterfaceOrientationPortrait UIInterfaceOrientationPortraitUpsideDown UIInterfaceOrientationLandscapeLeft UIInterfaceOrientationLandscapeRight";
				INFOPLIST_KEY_UISupportedInterfaceOrientations_iPhone = "UIInterfaceOrientationPortrait UIInterfaceOrientationLandscapeLeft UIInterfaceOrientationLandscapeRight";
				LD_RUNPATH_SEARCH_PATHS = (
					"$(inherited)",
					"@executable_path/Frameworks",
				);
				MARKETING_VERSION = 1.0;
				PRODUCT_BUNDLE_IDENTIFIER = Vladislavscompany.ThirdScketch;
				PRODUCT_NAME = "$(TARGET_NAME)";
				SWIFT_EMIT_LOC_STRINGS = YES;
				SWIFT_VERSION = 5.0;
				TARGETED_DEVICE_FAMILY = "1,2";
			};
			name = Release;
		};
		07BB93E4284E9EBF00D2859A /* Debug */ = {
			isa = XCBuildConfiguration;
			buildSettings = {
				ALWAYS_EMBED_SWIFT_STANDARD_LIBRARIES = YES;
				BUNDLE_LOADER = "$(TEST_HOST)";
				CODE_SIGN_STYLE = Automatic;
				CURRENT_PROJECT_VERSION = 1;
				GENERATE_INFOPLIST_FILE = YES;
				IPHONEOS_DEPLOYMENT_TARGET = 15.5;
				MARKETING_VERSION = 1.0;
				PRODUCT_BUNDLE_IDENTIFIER = Vladislavscompany.ThirdScketchTests;
				PRODUCT_NAME = "$(TARGET_NAME)";
				SWIFT_EMIT_LOC_STRINGS = NO;
				SWIFT_VERSION = 5.0;
				TARGETED_DEVICE_FAMILY = "1,2";
				TEST_HOST = "$(BUILT_PRODUCTS_DIR)/ThirdScketch.app/ThirdScketch";
			};
			name = Debug;
		};
		07BB93E5284E9EBF00D2859A /* Release */ = {
			isa = XCBuildConfiguration;
			buildSettings = {
				ALWAYS_EMBED_SWIFT_STANDARD_LIBRARIES = YES;
				BUNDLE_LOADER = "$(TEST_HOST)";
				CODE_SIGN_STYLE = Automatic;
				CURRENT_PROJECT_VERSION = 1;
				GENERATE_INFOPLIST_FILE = YES;
				IPHONEOS_DEPLOYMENT_TARGET = 15.5;
				MARKETING_VERSION = 1.0;
				PRODUCT_BUNDLE_IDENTIFIER = Vladislavscompany.ThirdScketchTests;
				PRODUCT_NAME = "$(TARGET_NAME)";
				SWIFT_EMIT_LOC_STRINGS = NO;
				SWIFT_VERSION = 5.0;
				TARGETED_DEVICE_FAMILY = "1,2";
				TEST_HOST = "$(BUILT_PRODUCTS_DIR)/ThirdScketch.app/ThirdScketch";
			};
			name = Release;
		};
		07BB93E7284E9EBF00D2859A /* Debug */ = {
			isa = XCBuildConfiguration;
			buildSettings = {
				ALWAYS_EMBED_SWIFT_STANDARD_LIBRARIES = YES;
				CODE_SIGN_STYLE = Automatic;
				CURRENT_PROJECT_VERSION = 1;
				GENERATE_INFOPLIST_FILE = YES;
				MARKETING_VERSION = 1.0;
				PRODUCT_BUNDLE_IDENTIFIER = Vladislavscompany.ThirdScketchUITests;
				PRODUCT_NAME = "$(TARGET_NAME)";
				SWIFT_EMIT_LOC_STRINGS = NO;
				SWIFT_VERSION = 5.0;
				TARGETED_DEVICE_FAMILY = "1,2";
				TEST_TARGET_NAME = ThirdScketch;
			};
			name = Debug;
		};
		07BB93E8284E9EBF00D2859A /* Release */ = {
			isa = XCBuildConfiguration;
			buildSettings = {
				ALWAYS_EMBED_SWIFT_STANDARD_LIBRARIES = YES;
				CODE_SIGN_STYLE = Automatic;
				CURRENT_PROJECT_VERSION = 1;
				GENERATE_INFOPLIST_FILE = YES;
				MARKETING_VERSION = 1.0;
				PRODUCT_BUNDLE_IDENTIFIER = Vladislavscompany.ThirdScketchUITests;
				PRODUCT_NAME = "$(TARGET_NAME)";
				SWIFT_EMIT_LOC_STRINGS = NO;
				SWIFT_VERSION = 5.0;
				TARGETED_DEVICE_FAMILY = "1,2";
				TEST_TARGET_NAME = ThirdScketch;
			};
			name = Release;
		};
/* End XCBuildConfiguration section */

/* Begin XCConfigurationList section */
		07BB93B1284E9EBD00D2859A /* Build configuration list for PBXProject "ThirdScketch" */ = {
			isa = XCConfigurationList;
			buildConfigurations = (
				07BB93DE284E9EBF00D2859A /* Debug */,
				07BB93DF284E9EBF00D2859A /* Release */,
			);
			defaultConfigurationIsVisible = 0;
			defaultConfigurationName = Release;
		};
		07BB93E0284E9EBF00D2859A /* Build configuration list for PBXNativeTarget "ThirdScketch" */ = {
			isa = XCConfigurationList;
			buildConfigurations = (
				07BB93E1284E9EBF00D2859A /* Debug */,
				07BB93E2284E9EBF00D2859A /* Release */,
			);
			defaultConfigurationIsVisible = 0;
			defaultConfigurationName = Release;
		};
		07BB93E3284E9EBF00D2859A /* Build configuration list for PBXNativeTarget "ThirdScketchTests" */ = {
			isa = XCConfigurationList;
			buildConfigurations = (
				07BB93E4284E9EBF00D2859A /* Debug */,
				07BB93E5284E9EBF00D2859A /* Release */,
			);
			defaultConfigurationIsVisible = 0;
			defaultConfigurationName = Release;
		};
		07BB93E6284E9EBF00D2859A /* Build configuration list for PBXNativeTarget "ThirdScketchUITests" */ = {
			isa = XCConfigurationList;
			buildConfigurations = (
				07BB93E7284E9EBF00D2859A /* Debug */,
				07BB93E8284E9EBF00D2859A /* Release */,
			);
			defaultConfigurationIsVisible = 0;
			defaultConfigurationName = Release;
		};
/* End XCConfigurationList section */
	};
	rootObject = 07BB93AE284E9EBD00D2859A /* Project object */;
}
